
Microsoft Visual Studio Solution File, Format Version 12.00
# Visual Studio Version 17
VisualStudioVersion = 17.11.35312.102
MinimumVisualStudioVersion = 10.0.40219.1
Project("{FAE04EC0-301F-11D3-BF4B-00C04F79EFBC}") = "LMS.Api", "MyShoppingCart.Api\LMS.Api.csproj", "{0579E715-B50E-4300-87FA-79173DD7C3DB}"
EndProject
Project("{FAE04EC0-301F-11D3-BF4B-00C04F79EFBC}") = "LMS.Abstractions", "MyShoppingCart.Abstractions\LMS.Abstractions.csproj", "{157FF20B-A51C-4F92-BD4A-803544DE2202}"
EndProject
Project("{FAE04EC0-301F-11D3-BF4B-00C04F79EFBC}") = "LMS.Tables", "MyShoppingCart.Table\LMS.Tables.csproj", "{2ADF4482-1595-4B7A-80EA-2F30A93727DC}"
EndProject
Project("{FAE04EC0-301F-11D3-BF4B-00C04F79EFBC}") = "LMS.Services", "MyShoppingCart.Services\LMS.Services.csproj", "{C9AFB44B-5F22-42F9-8116-68EEC4651382}"
EndProject
Project("{FAE04EC0-301F-11D3-BF4B-00C04F79EFBC}") = "LMS.Models", "MyShoppingCart.Models\LMS.Models.csproj", "{B4AEF170-093C-4F21-9E55-D023138CBDBD}"
EndProject
Global
	GlobalSection(SolutionConfigurationPlatforms) = preSolution
		Debug|Any CPU = Debug|Any CPU
		Release|Any CPU = Release|Any CPU
	EndGlobalSection
	GlobalSection(ProjectConfigurationPlatforms) = postSolution
		{0579E715-B50E-4300-87FA-79173DD7C3DB}.Debug|Any CPU.ActiveCfg = Debug|Any CPU
		{0579E715-B50E-4300-87FA-79173DD7C3DB}.Debug|Any CPU.Build.0 = Debug|Any CPU
		{0579E715-B50E-4300-87FA-79173DD7C3DB}.Release|Any CPU.ActiveCfg = Release|Any CPU
		{0579E715-B50E-4300-87FA-79173DD7C3DB}.Release|Any CPU.Build.0 = Release|Any CPU
		{157FF20B-A51C-4F92-BD4A-803544DE2202}.Debug|Any CPU.ActiveCfg = Debug|Any CPU
		{157FF20B-A51C-4F92-BD4A-803544DE2202}.Debug|Any CPU.Build.0 = Debug|Any CPU
		{157FF20B-A51C-4F92-BD4A-803544DE2202}.Release|Any CPU.ActiveCfg = Release|Any CPU
		{157FF20B-A51C-4F92-BD4A-803544DE2202}.Release|Any CPU.Build.0 = Release|Any CPU
		{2ADF4482-1595-4B7A-80EA-2F30A93727DC}.Debug|Any CPU.ActiveCfg = Debug|Any CPU
		{2ADF4482-1595-4B7A-80EA-2F30A93727DC}.Debug|Any CPU.Build.0 = Debug|Any CPU
		{2ADF4482-1595-4B7A-80EA-2F30A93727DC}.Release|Any CPU.ActiveCfg = Release|Any CPU
		{2ADF4482-1595-4B7A-80EA-2F30A93727DC}.Release|Any CPU.Build.0 = Release|Any CPU
		{C9AFB44B-5F22-42F9-8116-68EEC4651382}.Debug|Any CPU.ActiveCfg = Debug|Any CPU
		{C9AFB44B-5F22-42F9-8116-68EEC4651382}.Debug|Any CPU.Build.0 = Debug|Any CPU
		{C9AFB44B-5F22-42F9-8116-68EEC4651382}.Release|Any CPU.ActiveCfg = Release|Any CPU
		{C9AFB44B-5F22-42F9-8116-68EEC4651382}.Release|Any CPU.Build.0 = Release|Any CPU
		{B4AEF170-093C-4F21-9E55-D023138CBDBD}.Debug|Any CPU.ActiveCfg = Debug|Any CPU
		{B4AEF170-093C-4F21-9E55-D023138CBDBD}.Debug|Any CPU.Build.0 = Debug|Any CPU
		{B4AEF170-093C-4F21-9E55-D023138CBDBD}.Release|Any CPU.ActiveCfg = Release|Any CPU
		{B4AEF170-093C-4F21-9E55-D023138CBDBD}.Release|Any CPU.Build.0 = Release|Any CPU
	EndGlobalSection
	GlobalSection(SolutionProperties) = preSolution
		HideSolutionNode = FALSE
	EndGlobalSection
	GlobalSection(ExtensibilityGlobals) = postSolution
		SolutionGuid = {40F8771D-07FA-4704-8E20-EFEDF983CDF0}
	EndGlobalSection
EndGlobal
